
Microsoft Visual Studio Solution File, Format Version 12.00
# Visual Studio Version 16
VisualStudioVersion = 16.0.31025.194
MinimumVisualStudioVersion = 10.0.40219.1
Project("{FAE04EC0-301F-11D3-BF4B-00C04F79EFBC}") = "MVCdt05132021", "MVCdt05132021.csproj", "{AE3BDDB0-BEAA-4E21-A864-5B82514A8850}"
EndProject
Project("{FAE04EC0-301F-11D3-BF4B-00C04F79EFBC}") = "MVCdt05132021.Tests", "..\MVCdt05132021.Tests\MVCdt05132021.Tests.csproj", "{6D62D1D6-EB34-4F60-846E-54741D7E4CD0}"
EndProject
Global
	GlobalSection(SolutionConfigurationPlatforms) = preSolution
		Debug|Any CPU = Debug|Any CPU
		Release|Any CPU = Release|Any CPU
	EndGlobalSection
	GlobalSection(ProjectConfigurationPlatforms) = postSolution
		{AE3BDDB0-BEAA-4E21-A864-5B82514A8850}.Debug|Any CPU.ActiveCfg = Debug|Any CPU
		{AE3BDDB0-BEAA-4E21-A864-5B82514A8850}.Debug|Any CPU.Build.0 = Debug|Any CPU
		{AE3BDDB0-BEAA-4E21-A864-5B82514A8850}.Release|Any CPU.ActiveCfg = Release|Any CPU
		{AE3BDDB0-BEAA-4E21-A864-5B82514A8850}.Release|Any CPU.Build.0 = Release|Any CPU
		{6D62D1D6-EB34-4F60-846E-54741D7E4CD0}.Debug|Any CPU.ActiveCfg = Debug|Any CPU
		{6D62D1D6-EB34-4F60-846E-54741D7E4CD0}.Debug|Any CPU.Build.0 = Debug|Any CPU
		{6D62D1D6-EB34-4F60-846E-54741D7E4CD0}.Release|Any CPU.ActiveCfg = Release|Any CPU
		{6D62D1D6-EB34-4F60-846E-54741D7E4CD0}.Release|Any CPU.Build.0 = Release|Any CPU
	EndGlobalSection
	GlobalSection(SolutionProperties) = preSolution
		HideSolutionNode = FALSE
	EndGlobalSection
	GlobalSection(ExtensibilityGlobals) = postSolution
		SolutionGuid = {C8A7741E-ADB2-4442-A183-C0AF2420D813}
	EndGlobalSection
EndGlobal
